
Microsoft Visual Studio Solution File, Format Version 12.00
# Visual Studio 15
VisualStudioVersion = 15.0.28307.421
MinimumVisualStudioVersion = 10.0.40219.1
Project("{FAE04EC0-301F-11D3-BF4B-00C04F79EFBC}") = "RefactoringExercise", "RefactoringExercise\RefactoringExercise.csproj", "{2904B49E-2C8A-4C5E-BA0B-268102F423DE}"
EndProject
Global
	GlobalSection(SolutionConfigurationPlatforms) = preSolution
		Debug|Any CPU = Debug|Any CPU
		Release|Any CPU = Release|Any CPU
	EndGlobalSection
	GlobalSection(ProjectConfigurationPlatforms) = postSolution
		{2904B49E-2C8A-4C5E-BA0B-268102F423DE}.Debug|Any CPU.ActiveCfg = Debug|Any CPU
		{2904B49E-2C8A-4C5E-BA0B-268102F423DE}.Debug|Any CPU.Build.0 = Debug|Any CPU
		{2904B49E-2C8A-4C5E-BA0B-268102F423DE}.Release|Any CPU.ActiveCfg = Release|Any CPU
		{2904B49E-2C8A-4C5E-BA0B-268102F423DE}.Release|Any CPU.Build.0 = Release|Any CPU
	EndGlobalSection
	GlobalSection(SolutionProperties) = preSolution
		HideSolutionNode = FALSE
	EndGlobalSection
	GlobalSection(ExtensibilityGlobals) = postSolution
		SolutionGuid = {2B6162A1-1C02-4CD6-94AC-A954E7D9A499}
	EndGlobalSection
EndGlobal
